Microsoft Visual Studio Solution File, Format Version 12.00
# Visual Studio Version 16
VisualStudioVersion = 16.0.33529.622
MinimumVisualStudioVersion = 10.0.40219.1
Project("{8BC9CEB8-8B4A-11D0-8D11-00A0C91BC942}") = "SampleExchange", "Gateway\SampleExchange\SampleExchange.vcxproj", "{4EBA6A7B-02F3-466C-BECD-2E872B512218}"
EndProject
Project("{8BC9CEB8-8B4A-11D0-8D11-00A0C91BC942}") = "SampleGateway", "Gateway\SampleGateway\SampleGateway.vcxproj", "{5FA4C0BE-3FCF-449A-9C41-1C4BE51899CE}"
EndProject
Project("{8BC9CEB8-8B4A-11D0-8D11-00A0C91BC942}") = "TextFeeder", "Gateway\TextFeeder\TextFeeder.vcxproj", "{8A697370-9955-4254-8B7E-341A9DA59748}"
EndProject
Project("{FAE04EC0-301F-11D3-BF4B-00C04F79EFBC}") = "TextFeeder.NET", "Gateway\TextFeeder.NET\TextFeeder.NET.csproj", "{2F415D2A-3E50-4A72-81FB-C71BE1A94B29}"
EndProject
Project("{8BC9CEB8-8B4A-11D0-8D11-00A0C91BC942}") = "UniFeeder", "Gateway\UniFeeder\UniFeeder.vcxproj", "{CD1C6CDD-F6DA-4734-991B-DAD0C58BD2CC}"
EndProject
Project("{FAE04EC0-301F-11D3-BF4B-00C04F79EFBC}") = "UniFeeder.NET", "Gateway\UniFeeder.NET\UniFeeder.NET.csproj", "{A06B8827-130A-4795-8BEF-2B31C487D585}"
EndProject
Project("{8BC9CEB8-8B4A-11D0-8D11-00A0C91BC942}") = "UniNewsServer", "Gateway\UniNewsServer\UniNewsServer.vcxproj", "{8ECC2070-8AEF-4EBD-B68D-0E26B6E8C92A}"
EndProject
Project("{2150E333-8FDC-42A3-9474-1A3956D46DE8}") = "Gateway and Datafeed", "Gateway and Datafeed", "{09458F44-B96C-4A30-BDE4-08C4AE8F79A9}"
EndProject
Project("{2150E333-8FDC-42A3-9474-1A3956D46DE8}") = "Manager", "Manager", "{97EC14C6-12DA-48EC-9A04-7E4A711032D9}"
EndProject
Project("{2150E333-8FDC-42A3-9474-1A3956D46DE8}") = "Report", "Report", "{4D52C2C8-CEDC-4EBF-9E26-283C3946C969}"
EndProject
Project("{2150E333-8FDC-42A3-9474-1A3956D46DE8}") = "Server", "Server", "{8AA20654-2C07-43C6-BC8E-52F2F174A224}"
EndProject
Project("{8BC9CEB8-8B4A-11D0-8D11-00A0C91BC942}") = "APIExtension", "Server\APIExtension\APIExtension.vcxproj", "{50BB9204-6C89-4083-A80B-F12B3853885B}"
EndProject
Project("{8BC9CEB8-8B4A-11D0-8D11-00A0C91BC942}") = "CustomRequestRouting", "Server\CustomRequestRouting\CustomRequestRouting.vcxproj", "{71DA4017-36BA-43E5-ABCE-2E5B8E932593}"
EndProject
Project("{8BC9CEB8-8B4A-11D0-8D11-00A0C91BC942}") = "FeedCommission", "Server\FeedCommission\FeedCommission.vcxproj", "{F8C86FBD-8C8B-4876-A645-6286E474C98F}"
EndProject
Project("{8BC9CEB8-8B4A-11D0-8D11-00A0C91BC942}") = "InterestRates", "Server\InterestRates\InterestRates.vcxproj", "{79E31384-7EC5-40B3-A357-B9B875B4A60B}"
EndProject
Project("{8BC9CEB8-8B4A-11D0-8D11-00A0C91BC942}") = "ServerPlugin", "Server\ServerPlugin\ServerPlugin.vcxproj", "{D9D4EB7B-DB37-4AB4-B7AF-E102FE1179A7}"
EndProject
Project("{8BC9CEB8-8B4A-11D0-8D11-00A0C91BC942}") = "SingleSessionPlugin", "Server\SingleSessionPlugin\SingleSessionPlugin.vcxproj", "{58C55702-014C-4049-94E3-F053189247BC}"
EndProject
Project("{8BC9CEB8-8B4A-11D0-8D11-00A0C91BC942}") = "StopOutReporter", "Server\StopOutReporter\StopOutReporter.vcxproj", "{7F0C09A5-3CA6-4283-9DB8-C1E4BE488BD5}"
EndProject
Project("{8BC9CEB8-8B4A-11D0-8D11-00A0C91BC942}") = "SwapsCopier", "Server\SwapsCopier\SwapsCopier.vcxproj", "{DF2A61E9-7C4A-4D38-988D-C8E72985085B}"
EndProject
Project("{8BC9CEB8-8B4A-11D0-8D11-00A0C91BC942}") = "SymbolsCopier", "Server\SymbolsCopier\SymbolsCopier.vcxproj", "{BFEB3D2C-00EC-47D4-BCE5-EEBBFCA62795}"
EndProject
Project("{8BC9CEB8-8B4A-11D0-8D11-00A0C91BC942}") = "BalanceExample", "Manager\BalanceExample\BalanceExample.vcxproj", "{6637B604-E069-4AC8-A7EE-0A8C9DF925BE}"
EndProject
Project("{FAE04EC0-301F-11D3-BF4B-00C04F79EFBC}") = "BalanceExample.NET", "Manager\BalanceExample.NET\BalanceExample.NET.csproj", "{1271754B-D741-4496-8CA8-6A015470E1F2}"
EndProject
Project("{8BC9CEB8-8B4A-11D0-8D11-00A0C91BC942}") = "DealerExample", "Manager\DealerExample\DealerExample.vcxproj", "{1E42537A-0F62-4157-8D7F-0C09DEF5DD08}"
EndProject
Project("{FAE04EC0-301F-11D3-BF4B-00C04F79EFBC}") = "DealerExample.NET", "Manager\DealerExample.NET\DealerExample.NET.csproj", "{2E5DE868-F3A8-4047-8CF3-AC6024DE6DAA}"
EndProject
Project("{8BC9CEB8-8B4A-11D0-8D11-00A0C91BC942}") = "ManagerAPIExtension", "Manager\ManagerAPIExtension\ManagerAPIExtension.vcxproj", "{749FA26E-638C-4E3F-938B-DB3CF3727B20}"
EndProject
Project("{8BC9CEB8-8B4A-11D0-8D11-00A0C91BC942}") = "SimpleDealer", "Manager\SimpleDealer\SimpleDealer.vcxproj", "{EC3817A7-A41D-4C02-BED5-4269B46CCB4D}"
EndProject
Project("{8BC9CEB8-8B4A-11D0-8D11-00A0C91BC942}") = "SimpleManager", "Manager\SimpleManager\SimpleManager.vcxproj", "{5AD9B8C9-9C3E-46D8-96A9-735A755F5E4C}"
EndProject
Project("{8BC9CEB8-8B4A-11D0-8D11-00A0C91BC942}") = "Accounts.Standard.Reports", "Report\Accounts.Standard.Reports\Accounts.Standard.Reports.vcxproj", "{0EFA9A44-2D19-4C73-9DEE-B9B97B472BDE}"
EndProject
Project("{8BC9CEB8-8B4A-11D0-8D11-00A0C91BC942}") = "Capital.Standard.Reports", "Report\Capital.Standard.Reports\Capital.Standard.Reports.vcxproj", "{EEFFA5EB-D268-4BD9-80E6-7C6EC703CC7E}"
EndProject
Project("{8BC9CEB8-8B4A-11D0-8D11-00A0C91BC942}") = "Daily.Standard.Reports", "Report\Daily.Standard.Reports\Daily.Standard.Reports.vcxproj", "{A2951E14-ED56-40D0-83A1-55CD3BB39548}"
EndProject
Project("{8BC9CEB8-8B4A-11D0-8D11-00A0C91BC942}") = "Gateways.Standard.Reports", "Report\Gateways.Standard.Reports\Gateways.Standard.Reports.vcxproj", "{6A01976E-2B32-48E5-B03F-87C1CA5B688D}"
EndProject
Project("{8BC9CEB8-8B4A-11D0-8D11-00A0C91BC942}") = "NFA.Reports", "Report\NFA.Reports\NFA.Reports.vcxproj", "{1F721A5C-5C3F-492B-83E4-0C95B8DF920A}"
EndProject
Project("{8BC9CEB8-8B4A-11D0-8D11-00A0C91BC942}") = "Trades.Standard.Reports", "Report\Trades.Standard.Reports\Trades.Standard.Reports.vcxproj", "{756AEBEE-18C3-4C45-9C7F-BD8AD607A26A}"
EndProject
Project("{8BC9CEB8-8B4A-11D0-8D11-00A0C91BC942}") = "Trades.Transaction.Reports", "Report\Trades.Transaction.Reports\Trades.Transaction.Reports.vcxproj", "{058CCDB0-D453-4635-88FD-F64AAE73E410}"
EndProject
Project("{8BC9CEB8-8B4A-11D0-8D11-00A0C91BC942}") = "mt38", "mt38\mt38.vcxproj", "{0EFC9893-AD00-4BB6-82EC-7F630E5D2E05}"
EndProject
Global
	GlobalSection(SolutionConfigurationPlatforms) = preSolution
		Debug|x64 = Debug|x64
		Debug|x86 = Debug|x86
		LLVM|x64 = LLVM|x64
		LLVM|x86 = LLVM|x86
		Release|x64 = Release|x64
		Release|x86 = Release|x86
		Sanitizer|x64 = Sanitizer|x64
		Sanitizer|x86 = Sanitizer|x86
	EndGlobalSection
	GlobalSection(ProjectConfigurationPlatforms) = postSolution
		{4EBA6A7B-02F3-466C-BECD-2E872B512218}.Debug|x64.ActiveCfg = Debug|x64
		{4EBA6A7B-02F3-466C-BECD-2E872B512218}.Debug|x64.Build.0 = Debug|x64
		{4EBA6A7B-02F3-466C-BECD-2E872B512218}.Debug|x86.ActiveCfg = Debug|x64
		{4EBA6A7B-02F3-466C-BECD-2E872B512218}.LLVM|x64.ActiveCfg = Release|x64
		{4EBA6A7B-02F3-466C-BECD-2E872B512218}.LLVM|x64.Build.0 = Release|x64
		{4EBA6A7B-02F3-466C-BECD-2E872B512218}.LLVM|x86.ActiveCfg = Release|x64
		{4EBA6A7B-02F3-466C-BECD-2E872B512218}.LLVM|x86.Build.0 = Release|x64
		{4EBA6A7B-02F3-466C-BECD-2E872B512218}.Release|x64.ActiveCfg = Release|x64
		{4EBA6A7B-02F3-466C-BECD-2E872B512218}.Release|x64.Build.0 = Release|x64
		{4EBA6A7B-02F3-466C-BECD-2E872B512218}.Release|x86.ActiveCfg = Release|x64
		{4EBA6A7B-02F3-466C-BECD-2E872B512218}.Sanitizer|x64.ActiveCfg = Release|x64
		{4EBA6A7B-02F3-466C-BECD-2E872B512218}.Sanitizer|x64.Build.0 = Release|x64
		{4EBA6A7B-02F3-466C-BECD-2E872B512218}.Sanitizer|x86.ActiveCfg = Release|x64
		{4EBA6A7B-02F3-466C-BECD-2E872B512218}.Sanitizer|x86.Build.0 = Release|x64
		{5FA4C0BE-3FCF-449A-9C41-1C4BE51899CE}.Debug|x64.ActiveCfg = Debug|x64
		{5FA4C0BE-3FCF-449A-9C41-1C4BE51899CE}.Debug|x64.Build.0 = Debug|x64
		{5FA4C0BE-3FCF-449A-9C41-1C4BE51899CE}.Debug|x86.ActiveCfg = Debug|x64
		{5FA4C0BE-3FCF-449A-9C41-1C4BE51899CE}.LLVM|x64.ActiveCfg = Release|x64
		{5FA4C0BE-3FCF-449A-9C41-1C4BE51899CE}.LLVM|x64.Build.0 = Release|x64
		{5FA4C0BE-3FCF-449A-9C41-1C4BE51899CE}.LLVM|x86.ActiveCfg = Release|x64
		{5FA4C0BE-3FCF-449A-9C41-1C4BE51899CE}.LLVM|x86.Build.0 = Release|x64
		{5FA4C0BE-3FCF-449A-9C41-1C4BE51899CE}.Release|x64.ActiveCfg = Release|x64
		{5FA4C0BE-3FCF-449A-9C41-1C4BE51899CE}.Release|x64.Build.0 = Release|x64
		{5FA4C0BE-3FCF-449A-9C41-1C4BE51899CE}.Release|x86.ActiveCfg = Release|x64
		{5FA4C0BE-3FCF-449A-9C41-1C4BE51899CE}.Sanitizer|x64.ActiveCfg = Release|x64
		{5FA4C0BE-3FCF-449A-9C41-1C4BE51899CE}.Sanitizer|x64.Build.0 = Release|x64
		{5FA4C0BE-3FCF-449A-9C41-1C4BE51899CE}.Sanitizer|x86.ActiveCfg = Release|x64
		{5FA4C0BE-3FCF-449A-9C41-1C4BE51899CE}.Sanitizer|x86.Build.0 = Release|x64
		{8A697370-9955-4254-8B7E-341A9DA59748}.Debug|x64.ActiveCfg = Debug|x64
		{8A697370-9955-4254-8B7E-341A9DA59748}.Debug|x64.Build.0 = Debug|x64
		{8A697370-9955-4254-8B7E-341A9DA59748}.Debug|x86.ActiveCfg = Debug|x64
		{8A697370-9955-4254-8B7E-341A9DA59748}.LLVM|x64.ActiveCfg = Release|x64
		{8A697370-9955-4254-8B7E-341A9DA59748}.LLVM|x64.Build.0 = Release|x64
		{8A697370-9955-4254-8B7E-341A9DA59748}.LLVM|x86.ActiveCfg = Release|x64
		{8A697370-9955-4254-8B7E-341A9DA59748}.LLVM|x86.Build.0 = Release|x64
		{8A697370-9955-4254-8B7E-341A9DA59748}.Release|x64.ActiveCfg = Release|x64
		{8A697370-9955-4254-8B7E-341A9DA59748}.Release|x64.Build.0 = Release|x64
		{8A697370-9955-4254-8B7E-341A9DA59748}.Release|x86.ActiveCfg = Release|x64
		{8A697370-9955-4254-8B7E-341A9DA59748}.Sanitizer|x64.ActiveCfg = Release|x64
		{8A697370-9955-4254-8B7E-341A9DA59748}.Sanitizer|x64.Build.0 = Release|x64
		{8A697370-9955-4254-8B7E-341A9DA59748}.Sanitizer|x86.ActiveCfg = Release|x64
		{8A697370-9955-4254-8B7E-341A9DA59748}.Sanitizer|x86.Build.0 = Release|x64
		{2F415D2A-3E50-4A72-81FB-C71BE1A94B29}.Debug|x64.ActiveCfg = Debug|x64
		{2F415D2A-3E50-4A72-81FB-C71BE1A94B29}.Debug|x64.Build.0 = Debug|x64
		{2F415D2A-3E50-4A72-81FB-C71BE1A94B29}.Debug|x86.ActiveCfg = Debug|x64
		{2F415D2A-3E50-4A72-81FB-C71BE1A94B29}.LLVM|x64.ActiveCfg = Release|x64
		{2F415D2A-3E50-4A72-81FB-C71BE1A94B29}.LLVM|x64.Build.0 = Release|x64
		{2F415D2A-3E50-4A72-81FB-C71BE1A94B29}.LLVM|x86.ActiveCfg = Release|x64
		{2F415D2A-3E50-4A72-81FB-C71BE1A94B29}.LLVM|x86.Build.0 = Release|x64
		{2F415D2A-3E50-4A72-81FB-C71BE1A94B29}.Release|x64.ActiveCfg = Release|x64
		{2F415D2A-3E50-4A72-81FB-C71BE1A94B29}.Release|x64.Build.0 = Release|x64
		{2F415D2A-3E50-4A72-81FB-C71BE1A94B29}.Release|x86.ActiveCfg = Release|x64
		{2F415D2A-3E50-4A72-81FB-C71BE1A94B29}.Sanitizer|x64.ActiveCfg = Release|x64
		{2F415D2A-3E50-4A72-81FB-C71BE1A94B29}.Sanitizer|x64.Build.0 = Release|x64
		{2F415D2A-3E50-4A72-81FB-C71BE1A94B29}.Sanitizer|x86.ActiveCfg = Release|x64
		{2F415D2A-3E50-4A72-81FB-C71BE1A94B29}.Sanitizer|x86.Build.0 = Release|x64
		{CD1C6CDD-F6DA-4734-991B-DAD0C58BD2CC}.Debug|x64.ActiveCfg = Debug|x64
		{CD1C6CDD-F6DA-4734-991B-DAD0C58BD2CC}.Debug|x64.Build.0 = Debug|x64
		{CD1C6CDD-F6DA-4734-991B-DAD0C58BD2CC}.Debug|x86.ActiveCfg = Debug|x64
		{CD1C6CDD-F6DA-4734-991B-DAD0C58BD2CC}.LLVM|x64.ActiveCfg = Release|x64
		{CD1C6CDD-F6DA-4734-991B-DAD0C58BD2CC}.LLVM|x64.Build.0 = Release|x64
		{CD1C6CDD-F6DA-4734-991B-DAD0C58BD2CC}.LLVM|x86.ActiveCfg = Release|x64
		{CD1C6CDD-F6DA-4734-991B-DAD0C58BD2CC}.LLVM|x86.Build.0 = Release|x64
		{CD1C6CDD-F6DA-4734-991B-DAD0C58BD2CC}.Release|x64.ActiveCfg = Release|x64
		{CD1C6CDD-F6DA-4734-991B-DAD0C58BD2CC}.Release|x64.Build.0 = Release|x64
		{CD1C6CDD-F6DA-4734-991B-DAD0C58BD2CC}.Release|x86.ActiveCfg = Release|x64
		{CD1C6CDD-F6DA-4734-991B-DAD0C58BD2CC}.Sanitizer|x64.ActiveCfg = Release|x64
		{CD1C6CDD-F6DA-4734-991B-DAD0C58BD2CC}.Sanitizer|x64.Build.0 = Release|x64
		{CD1C6CDD-F6DA-4734-991B-DAD0C58BD2CC}.Sanitizer|x86.ActiveCfg = Release|x64
		{CD1C6CDD-F6DA-4734-991B-DAD0C58BD2CC}.Sanitizer|x86.Build.0 = Release|x64
		{A06B8827-130A-4795-8BEF-2B31C487D585}.Debug|x64.ActiveCfg = Debug|x64
		{A06B8827-130A-4795-8BEF-2B31C487D585}.Debug|x64.Build.0 = Debug|x64
		{A06B8827-130A-4795-8BEF-2B31C487D585}.Debug|x86.ActiveCfg = Debug|x64
		{A06B8827-130A-4795-8BEF-2B31C487D585}.LLVM|x64.ActiveCfg = Release|x64
		{A06B8827-130A-4795-8BEF-2B31C487D585}.LLVM|x64.Build.0 = Release|x64
		{A06B8827-130A-4795-8BEF-2B31C487D585}.LLVM|x86.ActiveCfg = Release|x64
		{A06B8827-130A-4795-8BEF-2B31C487D585}.LLVM|x86.Build.0 = Release|x64
		{A06B8827-130A-4795-8BEF-2B31C487D585}.Release|x64.ActiveCfg = Release|x64
		{A06B8827-130A-4795-8BEF-2B31C487D585}.Release|x64.Build.0 = Release|x64
		{A06B8827-130A-4795-8BEF-2B31C487D585}.Release|x86.ActiveCfg = Release|x64
		{A06B8827-130A-4795-8BEF-2B31C487D585}.Sanitizer|x64.ActiveCfg = Release|x64
		{A06B8827-130A-4795-8BEF-2B31C487D585}.Sanitizer|x64.Build.0 = Release|x64
		{A06B8827-130A-4795-8BEF-2B31C487D585}.Sanitizer|x86.ActiveCfg = Release|x64
		{A06B8827-130A-4795-8BEF-2B31C487D585}.Sanitizer|x86.Build.0 = Release|x64
		{8ECC2070-8AEF-4EBD-B68D-0E26B6E8C92A}.Debug|x64.ActiveCfg = Debug|x64
		{8ECC2070-8AEF-4EBD-B68D-0E26B6E8C92A}.Debug|x64.Build.0 = Debug|x64
		{8ECC2070-8AEF-4EBD-B68D-0E26B6E8C92A}.Debug|x86.ActiveCfg = Debug|x64
		{8ECC2070-8AEF-4EBD-B68D-0E26B6E8C92A}.LLVM|x64.ActiveCfg = Release|x64
		{8ECC2070-8AEF-4EBD-B68D-0E26B6E8C92A}.LLVM|x64.Build.0 = Release|x64
		{8ECC2070-8AEF-4EBD-B68D-0E26B6E8C92A}.LLVM|x86.ActiveCfg = Release|x64
		{8ECC2070-8AEF-4EBD-B68D-0E26B6E8C92A}.LLVM|x86.Build.0 = Release|x64
		{8ECC2070-8AEF-4EBD-B68D-0E26B6E8C92A}.Release|x64.ActiveCfg = Release|x64
		{8ECC2070-8AEF-4EBD-B68D-0E26B6E8C92A}.Release|x64.Build.0 = Release|x64
		{8ECC2070-8AEF-4EBD-B68D-0E26B6E8C92A}.Release|x86.ActiveCfg = Release|x64
		{8ECC2070-8AEF-4EBD-B68D-0E26B6E8C92A}.Sanitizer|x64.ActiveCfg = Release|x64
		{8ECC2070-8AEF-4EBD-B68D-0E26B6E8C92A}.Sanitizer|x64.Build.0 = Release|x64
		{8ECC2070-8AEF-4EBD-B68D-0E26B6E8C92A}.Sanitizer|x86.ActiveCfg = Release|x64
		{8ECC2070-8AEF-4EBD-B68D-0E26B6E8C92A}.Sanitizer|x86.Build.0 = Release|x64
		{50BB9204-6C89-4083-A80B-F12B3853885B}.Debug|x64.ActiveCfg = Debug|x64
		{50BB9204-6C89-4083-A80B-F12B3853885B}.Debug|x64.Build.0 = Debug|x64
		{50BB9204-6C89-4083-A80B-F12B3853885B}.Debug|x86.ActiveCfg = Debug|x64
		{50BB9204-6C89-4083-A80B-F12B3853885B}.LLVM|x64.ActiveCfg = Debug|x64
		{50BB9204-6C89-4083-A80B-F12B3853885B}.LLVM|x64.Build.0 = Debug|x64
		{50BB9204-6C89-4083-A80B-F12B3853885B}.LLVM|x86.ActiveCfg = Release|x64
		{50BB9204-6C89-4083-A80B-F12B3853885B}.LLVM|x86.Build.0 = Release|x64
		{50BB9204-6C89-4083-A80B-F12B3853885B}.Release|x64.ActiveCfg = Release|x64
		{50BB9204-6C89-4083-A80B-F12B3853885B}.Release|x64.Build.0 = Release|x64
		{50BB9204-6C89-4083-A80B-F12B3853885B}.Release|x86.ActiveCfg = Release|x64
		{50BB9204-6C89-4083-A80B-F12B3853885B}.Sanitizer|x64.ActiveCfg = Debug|x64
		{50BB9204-6C89-4083-A80B-F12B3853885B}.Sanitizer|x64.Build.0 = Debug|x64
		{50BB9204-6C89-4083-A80B-F12B3853885B}.Sanitizer|x86.ActiveCfg = Release|x64
		{50BB9204-6C89-4083-A80B-F12B3853885B}.Sanitizer|x86.Build.0 = Release|x64
		{71DA4017-36BA-43E5-ABCE-2E5B8E932593}.Debug|x64.ActiveCfg = Debug|x64
		{71DA4017-36BA-43E5-ABCE-2E5B8E932593}.Debug|x64.Build.0 = Debug|x64
		{71DA4017-36BA-43E5-ABCE-2E5B8E932593}.Debug|x86.ActiveCfg = Debug|x64
		{71DA4017-36BA-43E5-ABCE-2E5B8E932593}.LLVM|x64.ActiveCfg = Debug|x64
		{71DA4017-36BA-43E5-ABCE-2E5B8E932593}.LLVM|x64.Build.0 = Debug|x64
		{71DA4017-36BA-43E5-ABCE-2E5B8E932593}.LLVM|x86.ActiveCfg = Release|x64
		{71DA4017-36BA-43E5-ABCE-2E5B8E932593}.LLVM|x86.Build.0 = Release|x64
		{71DA4017-36BA-43E5-ABCE-2E5B8E932593}.Release|x64.ActiveCfg = Release|x64
		{71DA4017-36BA-43E5-ABCE-2E5B8E932593}.Release|x64.Build.0 = Release|x64
		{71DA4017-36BA-43E5-ABCE-2E5B8E932593}.Release|x86.ActiveCfg = Release|x64
		{71DA4017-36BA-43E5-ABCE-2E5B8E932593}.Sanitizer|x64.ActiveCfg = Debug|x64
		{71DA4017-36BA-43E5-ABCE-2E5B8E932593}.Sanitizer|x64.Build.0 = Debug|x64
		{71DA4017-36BA-43E5-ABCE-2E5B8E932593}.Sanitizer|x86.ActiveCfg = Release|x64
		{71DA4017-36BA-43E5-ABCE-2E5B8E932593}.Sanitizer|x86.Build.0 = Release|x64
		{F8C86FBD-8C8B-4876-A645-6286E474C98F}.Debug|x64.ActiveCfg = Debug|x64
		{F8C86FBD-8C8B-4876-A645-6286E474C98F}.Debug|x64.Build.0 = Debug|x64
		{F8C86FBD-8C8B-4876-A645-6286E474C98F}.Debug|x86.ActiveCfg = Debug|x64
		{F8C86FBD-8C8B-4876-A645-6286E474C98F}.LLVM|x64.ActiveCfg = Debug|x64
		{F8C86FBD-8C8B-4876-A645-6286E474C98F}.LLVM|x64.Build.0 = Debug|x64
		{F8C86FBD-8C8B-4876-A645-6286E474C98F}.LLVM|x86.ActiveCfg = Release|x64
		{F8C86FBD-8C8B-4876-A645-6286E474C98F}.LLVM|x86.Build.0 = Release|x64
		{F8C86FBD-8C8B-4876-A645-6286E474C98F}.Release|x64.ActiveCfg = Release|x64
		{F8C86FBD-8C8B-4876-A645-6286E474C98F}.Release|x64.Build.0 = Release|x64
		{F8C86FBD-8C8B-4876-A645-6286E474C98F}.Release|x86.ActiveCfg = Release|x64
		{F8C86FBD-8C8B-4876-A645-6286E474C98F}.Sanitizer|x64.ActiveCfg = Debug|x64
		{F8C86FBD-8C8B-4876-A645-6286E474C98F}.Sanitizer|x64.Build.0 = Debug|x64
		{F8C86FBD-8C8B-4876-A645-6286E474C98F}.Sanitizer|x86.ActiveCfg = Release|x64
		{F8C86FBD-8C8B-4876-A645-6286E474C98F}.Sanitizer|x86.Build.0 = Release|x64
		{79E31384-7EC5-40B3-A357-B9B875B4A60B}.Debug|x64.ActiveCfg = Debug|x64
		{79E31384-7EC5-40B3-A357-B9B875B4A60B}.Debug|x64.Build.0 = Debug|x64
		{79E31384-7EC5-40B3-A357-B9B875B4A60B}.Debug|x86.ActiveCfg = Debug|x64
		{79E31384-7EC5-40B3-A357-B9B875B4A60B}.LLVM|x64.ActiveCfg = Debug|x64
		{79E31384-7EC5-40B3-A357-B9B875B4A60B}.LLVM|x64.Build.0 = Debug|x64
		{79E31384-7EC5-40B3-A357-B9B875B4A60B}.LLVM|x86.ActiveCfg = Release|x64
		{79E31384-7EC5-40B3-A357-B9B875B4A60B}.LLVM|x86.Build.0 = Release|x64
		{79E31384-7EC5-40B3-A357-B9B875B4A60B}.Release|x64.ActiveCfg = Release|x64
		{79E31384-7EC5-40B3-A357-B9B875B4A60B}.Release|x64.Build.0 = Release|x64
		{79E31384-7EC5-40B3-A357-B9B875B4A60B}.Release|x86.ActiveCfg = Release|x64
		{79E31384-7EC5-40B3-A357-B9B875B4A60B}.Sanitizer|x64.ActiveCfg = Debug|x64
		{79E31384-7EC5-40B3-A357-B9B875B4A60B}.Sanitizer|x64.Build.0 = Debug|x64
		{79E31384-7EC5-40B3-A357-B9B875B4A60B}.Sanitizer|x86.ActiveCfg = Release|x64
		{79E31384-7EC5-40B3-A357-B9B875B4A60B}.Sanitizer|x86.Build.0 = Release|x64
		{D9D4EB7B-DB37-4AB4-B7AF-E102FE1179A7}.Debug|x64.ActiveCfg = Debug|x64
		{D9D4EB7B-DB37-4AB4-B7AF-E102FE1179A7}.Debug|x64.Build.0 = Debug|x64
		{D9D4EB7B-DB37-4AB4-B7AF-E102FE1179A7}.Debug|x86.ActiveCfg = Debug|x64
		{D9D4EB7B-DB37-4AB4-B7AF-E102FE1179A7}.LLVM|x64.ActiveCfg = Debug|x64
		{D9D4EB7B-DB37-4AB4-B7AF-E102FE1179A7}.LLVM|x64.Build.0 = Debug|x64
		{D9D4EB7B-DB37-4AB4-B7AF-E102FE1179A7}.LLVM|x86.ActiveCfg = Release|x64
		{D9D4EB7B-DB37-4AB4-B7AF-E102FE1179A7}.LLVM|x86.Build.0 = Release|x64
		{D9D4EB7B-DB37-4AB4-B7AF-E102FE1179A7}.Release|x64.ActiveCfg = Release|x64
		{D9D4EB7B-DB37-4AB4-B7AF-E102FE1179A7}.Release|x64.Build.0 = Release|x64
		{D9D4EB7B-DB37-4AB4-B7AF-E102FE1179A7}.Release|x86.ActiveCfg = Release|x64
		{D9D4EB7B-DB37-4AB4-B7AF-E102FE1179A7}.Sanitizer|x64.ActiveCfg = Debug|x64
		{D9D4EB7B-DB37-4AB4-B7AF-E102FE1179A7}.Sanitizer|x64.Build.0 = Debug|x64
		{D9D4EB7B-DB37-4AB4-B7AF-E102FE1179A7}.Sanitizer|x86.ActiveCfg = Release|x64
		{D9D4EB7B-DB37-4AB4-B7AF-E102FE1179A7}.Sanitizer|x86.Build.0 = Release|x64
		{58C55702-014C-4049-94E3-F053189247BC}.Debug|x64.ActiveCfg = Debug|x64
		{58C55702-014C-4049-94E3-F053189247BC}.Debug|x64.Build.0 = Debug|x64
		{58C55702-014C-4049-94E3-F053189247BC}.Debug|x86.ActiveCfg = Debug|x64
		{58C55702-014C-4049-94E3-F053189247BC}.LLVM|x64.ActiveCfg = Debug|x64
		{58C55702-014C-4049-94E3-F053189247BC}.LLVM|x64.Build.0 = Debug|x64
		{58C55702-014C-4049-94E3-F053189247BC}.LLVM|x86.ActiveCfg = Release|x64
		{58C55702-014C-4049-94E3-F053189247BC}.LLVM|x86.Build.0 = Release|x64
		{58C55702-014C-4049-94E3-F053189247BC}.Release|x64.ActiveCfg = Release|x64
		{58C55702-014C-4049-94E3-F053189247BC}.Release|x64.Build.0 = Release|x64
		{58C55702-014C-4049-94E3-F053189247BC}.Release|x86.ActiveCfg = Release|x64
		{58C55702-014C-4049-94E3-F053189247BC}.Sanitizer|x64.ActiveCfg = Debug|x64
		{58C55702-014C-4049-94E3-F053189247BC}.Sanitizer|x64.Build.0 = Debug|x64
		{58C55702-014C-4049-94E3-F053189247BC}.Sanitizer|x86.ActiveCfg = Release|x64
		{58C55702-014C-4049-94E3-F053189247BC}.Sanitizer|x86.Build.0 = Release|x64
		{7F0C09A5-3CA6-4283-9DB8-C1E4BE488BD5}.Debug|x64.ActiveCfg = Debug|x64
		{7F0C09A5-3CA6-4283-9DB8-C1E4BE488BD5}.Debug|x64.Build.0 = Debug|x64
		{7F0C09A5-3CA6-4283-9DB8-C1E4BE488BD5}.Debug|x86.ActiveCfg = Debug|x64
		{7F0C09A5-3CA6-4283-9DB8-C1E4BE488BD5}.LLVM|x64.ActiveCfg = LLVM|x64
		{7F0C09A5-3CA6-4283-9DB8-C1E4BE488BD5}.LLVM|x64.Build.0 = LLVM|x64
		{7F0C09A5-3CA6-4283-9DB8-C1E4BE488BD5}.LLVM|x86.ActiveCfg = LLVM|x64
		{7F0C09A5-3CA6-4283-9DB8-C1E4BE488BD5}.Release|x64.ActiveCfg = Release|x64
		{7F0C09A5-3CA6-4283-9DB8-C1E4BE488BD5}.Release|x64.Build.0 = Release|x64
		{7F0C09A5-3CA6-4283-9DB8-C1E4BE488BD5}.Release|x86.ActiveCfg = Release|x64
		{7F0C09A5-3CA6-4283-9DB8-C1E4BE488BD5}.Sanitizer|x64.ActiveCfg = Sanitizer|x64
		{7F0C09A5-3CA6-4283-9DB8-C1E4BE488BD5}.Sanitizer|x64.Build.0 = Sanitizer|x64
		{7F0C09A5-3CA6-4283-9DB8-C1E4BE488BD5}.Sanitizer|x86.ActiveCfg = Sanitizer|x64
		{DF2A61E9-7C4A-4D38-988D-C8E72985085B}.Debug|x64.ActiveCfg = Debug|x64
		{DF2A61E9-7C4A-4D38-988D-C8E72985085B}.Debug|x64.Build.0 = Debug|x64
		{DF2A61E9-7C4A-4D38-988D-C8E72985085B}.Debug|x86.ActiveCfg = Debug|x64
		{DF2A61E9-7C4A-4D38-988D-C8E72985085B}.LLVM|x64.ActiveCfg = Debug|x64
		{DF2A61E9-7C4A-4D38-988D-C8E72985085B}.LLVM|x64.Build.0 = Debug|x64
		{DF2A61E9-7C4A-4D38-988D-C8E72985085B}.LLVM|x86.ActiveCfg = Release|x64
		{DF2A61E9-7C4A-4D38-988D-C8E72985085B}.LLVM|x86.Build.0 = Release|x64
		{DF2A61E9-7C4A-4D38-988D-C8E72985085B}.Release|x64.ActiveCfg = Release|x64
		{DF2A61E9-7C4A-4D38-988D-C8E72985085B}.Release|x64.Build.0 = Release|x64
		{DF2A61E9-7C4A-4D38-988D-C8E72985085B}.Release|x86.ActiveCfg = Release|x64
		{DF2A61E9-7C4A-4D38-988D-C8E72985085B}.Sanitizer|x64.ActiveCfg = Debug|x64
		{DF2A61E9-7C4A-4D38-988D-C8E72985085B}.Sanitizer|x64.Build.0 = Debug|x64
		{DF2A61E9-7C4A-4D38-988D-C8E72985085B}.Sanitizer|x86.ActiveCfg = Release|x64
		{DF2A61E9-7C4A-4D38-988D-C8E72985085B}.Sanitizer|x86.Build.0 = Release|x64
		{BFEB3D2C-00EC-47D4-BCE5-EEBBFCA62795}.Debug|x64.ActiveCfg = Debug|x64
		{BFEB3D2C-00EC-47D4-BCE5-EEBBFCA62795}.Debug|x64.Build.0 = Debug|x64
		{BFEB3D2C-00EC-47D4-BCE5-EEBBFCA62795}.Debug|x86.ActiveCfg = Debug|x64
		{BFEB3D2C-00EC-47D4-BCE5-EEBBFCA62795}.LLVM|x64.ActiveCfg = Debug|x64
		{BFEB3D2C-00EC-47D4-BCE5-EEBBFCA62795}.LLVM|x64.Build.0 = Debug|x64
		{BFEB3D2C-00EC-47D4-BCE5-EEBBFCA62795}.LLVM|x86.ActiveCfg = Release|x64
		{BFEB3D2C-00EC-47D4-BCE5-EEBBFCA62795}.LLVM|x86.Build.0 = Release|x64
		{BFEB3D2C-00EC-47D4-BCE5-EEBBFCA62795}.Release|x64.ActiveCfg = Release|x64
		{BFEB3D2C-00EC-47D4-BCE5-EEBBFCA62795}.Release|x64.Build.0 = Release|x64
		{BFEB3D2C-00EC-47D4-BCE5-EEBBFCA62795}.Release|x86.ActiveCfg = Release|x64
		{BFEB3D2C-00EC-47D4-BCE5-EEBBFCA62795}.Sanitizer|x64.ActiveCfg = Debug|x64
		{BFEB3D2C-00EC-47D4-BCE5-EEBBFCA62795}.Sanitizer|x64.Build.0 = Debug|x64
		{BFEB3D2C-00EC-47D4-BCE5-EEBBFCA62795}.Sanitizer|x86.ActiveCfg = Release|x64
		{BFEB3D2C-00EC-47D4-BCE5-EEBBFCA62795}.Sanitizer|x86.Build.0 = Release|x64
		{6637B604-E069-4AC8-A7EE-0A8C9DF925BE}.Debug|x64.ActiveCfg = Debug|x64
		{6637B604-E069-4AC8-A7EE-0A8C9DF925BE}.Debug|x64.Build.0 = Debug|x64
		{6637B604-E069-4AC8-A7EE-0A8C9DF925BE}.Debug|x86.ActiveCfg = Debug|x64
		{6637B604-E069-4AC8-A7EE-0A8C9DF925BE}.LLVM|x64.ActiveCfg = Debug|x64
		{6637B604-E069-4AC8-A7EE-0A8C9DF925BE}.LLVM|x64.Build.0 = Debug|x64
		{6637B604-E069-4AC8-A7EE-0A8C9DF925BE}.LLVM|x86.ActiveCfg = Release|x64
		{6637B604-E069-4AC8-A7EE-0A8C9DF925BE}.LLVM|x86.Build.0 = Release|x64
		{6637B604-E069-4AC8-A7EE-0A8C9DF925BE}.Release|x64.ActiveCfg = Release|x64
		{6637B604-E069-4AC8-A7EE-0A8C9DF925BE}.Release|x64.Build.0 = Release|x64
		{6637B604-E069-4AC8-A7EE-0A8C9DF925BE}.Release|x86.ActiveCfg = Release|x64
		{6637B604-E069-4AC8-A7EE-0A8C9DF925BE}.Sanitizer|x64.ActiveCfg = Debug|x64
		{6637B604-E069-4AC8-A7EE-0A8C9DF925BE}.Sanitizer|x64.Build.0 = Debug|x64
		{6637B604-E069-4AC8-A7EE-0A8C9DF925BE}.Sanitizer|x86.ActiveCfg = Release|x64
		{6637B604-E069-4AC8-A7EE-0A8C9DF925BE}.Sanitizer|x86.Build.0 = Release|x64
		{1271754B-D741-4496-8CA8-6A015470E1F2}.Debug|x64.ActiveCfg = Debug|x64
		{1271754B-D741-4496-8CA8-6A015470E1F2}.Debug|x64.Build.0 = Debug|x64
		{1271754B-D741-4496-8CA8-6A015470E1F2}.Debug|x86.ActiveCfg = Debug|x64
		{1271754B-D741-4496-8CA8-6A015470E1F2}.LLVM|x64.ActiveCfg = Debug|x64
		{1271754B-D741-4496-8CA8-6A015470E1F2}.LLVM|x64.Build.0 = Debug|x64
		{1271754B-D741-4496-8CA8-6A015470E1F2}.LLVM|x86.ActiveCfg = Release|x64
		{1271754B-D741-4496-8CA8-6A015470E1F2}.LLVM|x86.Build.0 = Release|x64
		{1271754B-D741-4496-8CA8-6A015470E1F2}.Release|x64.ActiveCfg = Release|x64
		{1271754B-D741-4496-8CA8-6A015470E1F2}.Release|x64.Build.0 = Release|x64
		{1271754B-D741-4496-8CA8-6A015470E1F2}.Release|x86.ActiveCfg = Release|x64
		{1271754B-D741-4496-8CA8-6A015470E1F2}.Sanitizer|x64.ActiveCfg = Debug|x64
		{1271754B-D741-4496-8CA8-6A015470E1F2}.Sanitizer|x64.Build.0 = Debug|x64
		{1271754B-D741-4496-8CA8-6A015470E1F2}.Sanitizer|x86.ActiveCfg = Release|x64
		{1271754B-D741-4496-8CA8-6A015470E1F2}.Sanitizer|x86.Build.0 = Release|x64
		{1E42537A-0F62-4157-8D7F-0C09DEF5DD08}.Debug|x64.ActiveCfg = Debug|x64
		{1E42537A-0F62-4157-8D7F-0C09DEF5DD08}.Debug|x64.Build.0 = Debug|x64
		{1E42537A-0F62-4157-8D7F-0C09DEF5DD08}.Debug|x86.ActiveCfg = Debug|x64
		{1E42537A-0F62-4157-8D7F-0C09DEF5DD08}.LLVM|x64.ActiveCfg = Debug|x64
		{1E42537A-0F62-4157-8D7F-0C09DEF5DD08}.LLVM|x64.Build.0 = Debug|x64
		{1E42537A-0F62-4157-8D7F-0C09DEF5DD08}.LLVM|x86.ActiveCfg = Release|x64
		{1E42537A-0F62-4157-8D7F-0C09DEF5DD08}.LLVM|x86.Build.0 = Release|x64
		{1E42537A-0F62-4157-8D7F-0C09DEF5DD08}.Release|x64.ActiveCfg = Release|x64
		{1E42537A-0F62-4157-8D7F-0C09DEF5DD08}.Release|x64.Build.0 = Release|x64
		{1E42537A-0F62-4157-8D7F-0C09DEF5DD08}.Release|x86.ActiveCfg = Release|x64
		{1E42537A-0F62-4157-8D7F-0C09DEF5DD08}.Sanitizer|x64.ActiveCfg = Debug|x64
		{1E42537A-0F62-4157-8D7F-0C09DEF5DD08}.Sanitizer|x64.Build.0 = Debug|x64
		{1E42537A-0F62-4157-8D7F-0C09DEF5DD08}.Sanitizer|x86.ActiveCfg = Release|x64
		{1E42537A-0F62-4157-8D7F-0C09DEF5DD08}.Sanitizer|x86.Build.0 = Release|x64
		{2E5DE868-F3A8-4047-8CF3-AC6024DE6DAA}.Debug|x64.ActiveCfg = Debug|x64
		{2E5DE868-F3A8-4047-8CF3-AC6024DE6DAA}.Debug|x64.Build.0 = Debug|x64
		{2E5DE868-F3A8-4047-8CF3-AC6024DE6DAA}.Debug|x86.ActiveCfg = Debug|x64
		{2E5DE868-F3A8-4047-8CF3-AC6024DE6DAA}.LLVM|x64.ActiveCfg = Debug|x64
		{2E5DE868-F3A8-4047-8CF3-AC6024DE6DAA}.LLVM|x64.Build.0 = Debug|x64
		{2E5DE868-F3A8-4047-8CF3-AC6024DE6DAA}.LLVM|x86.ActiveCfg = Release|x64
		{2E5DE868-F3A8-4047-8CF3-AC6024DE6DAA}.LLVM|x86.Build.0 = Release|x64
		{2E5DE868-F3A8-4047-8CF3-AC6024DE6DAA}.Release|x64.ActiveCfg = Release|x64
		{2E5DE868-F3A8-4047-8CF3-AC6024DE6DAA}.Release|x64.Build.0 = Release|x64
		{2E5DE868-F3A8-4047-8CF3-AC6024DE6DAA}.Release|x86.ActiveCfg = Release|x64
		{2E5DE868-F3A8-4047-8CF3-AC6024DE6DAA}.Sanitizer|x64.ActiveCfg = Debug|x64
		{2E5DE868-F3A8-4047-8CF3-AC6024DE6DAA}.Sanitizer|x64.Build.0 = Debug|x64
		{2E5DE868-F3A8-4047-8CF3-AC6024DE6DAA}.Sanitizer|x86.ActiveCfg = Release|x64
		{2E5DE868-F3A8-4047-8CF3-AC6024DE6DAA}.Sanitizer|x86.Build.0 = Release|x64
		{749FA26E-638C-4E3F-938B-DB3CF3727B20}.Debug|x64.ActiveCfg = Debug|x64
		{749FA26E-638C-4E3F-938B-DB3CF3727B20}.Debug|x64.Build.0 = Debug|x64
		{749FA26E-638C-4E3F-938B-DB3CF3727B20}.Debug|x86.ActiveCfg = Debug|x64
		{749FA26E-638C-4E3F-938B-DB3CF3727B20}.LLVM|x64.ActiveCfg = Debug|x64
		{749FA26E-638C-4E3F-938B-DB3CF3727B20}.LLVM|x64.Build.0 = Debug|x64
		{749FA26E-638C-4E3F-938B-DB3CF3727B20}.LLVM|x86.ActiveCfg = Release|x64
		{749FA26E-638C-4E3F-938B-DB3CF3727B20}.LLVM|x86.Build.0 = Release|x64
		{749FA26E-638C-4E3F-938B-DB3CF3727B20}.Release|x64.ActiveCfg = Release|x64
		{749FA26E-638C-4E3F-938B-DB3CF3727B20}.Release|x64.Build.0 = Release|x64
		{749FA26E-638C-4E3F-938B-DB3CF3727B20}.Release|x86.ActiveCfg = Release|x64
		{749FA26E-638C-4E3F-938B-DB3CF3727B20}.Sanitizer|x64.ActiveCfg = Debug|x64
		{749FA26E-638C-4E3F-938B-DB3CF3727B20}.Sanitizer|x64.Build.0 = Debug|x64
		{749FA26E-638C-4E3F-938B-DB3CF3727B20}.Sanitizer|x86.ActiveCfg = Release|x64
		{749FA26E-638C-4E3F-938B-DB3CF3727B20}.Sanitizer|x86.Build.0 = Release|x64
		{EC3817A7-A41D-4C02-BED5-4269B46CCB4D}.Debug|x64.ActiveCfg = Debug|x64
		{EC3817A7-A41D-4C02-BED5-4269B46CCB4D}.Debug|x64.Build.0 = Debug|x64
		{EC3817A7-A41D-4C02-BED5-4269B46CCB4D}.Debug|x86.ActiveCfg = Debug|x64
		{EC3817A7-A41D-4C02-BED5-4269B46CCB4D}.LLVM|x64.ActiveCfg = Debug|x64
		{EC3817A7-A41D-4C02-BED5-4269B46CCB4D}.LLVM|x64.Build.0 = Debug|x64
		{EC3817A7-A41D-4C02-BED5-4269B46CCB4D}.LLVM|x86.ActiveCfg = Release|x64
		{EC3817A7-A41D-4C02-BED5-4269B46CCB4D}.LLVM|x86.Build.0 = Release|x64
		{EC3817A7-A41D-4C02-BED5-4269B46CCB4D}.Release|x64.ActiveCfg = Release|x64
		{EC3817A7-A41D-4C02-BED5-4269B46CCB4D}.Release|x64.Build.0 = Release|x64
		{EC3817A7-A41D-4C02-BED5-4269B46CCB4D}.Release|x86.ActiveCfg = Release|x64
		{EC3817A7-A41D-4C02-BED5-4269B46CCB4D}.Sanitizer|x64.ActiveCfg = Debug|x64
		{EC3817A7-A41D-4C02-BED5-4269B46CCB4D}.Sanitizer|x64.Build.0 = Debug|x64
		{EC3817A7-A41D-4C02-BED5-4269B46CCB4D}.Sanitizer|x86.ActiveCfg = Release|x64
		{EC3817A7-A41D-4C02-BED5-4269B46CCB4D}.Sanitizer|x86.Build.0 = Release|x64
		{5AD9B8C9-9C3E-46D8-96A9-735A755F5E4C}.Debug|x64.ActiveCfg = Debug|x64
		{5AD9B8C9-9C3E-46D8-96A9-735A755F5E4C}.Debug|x64.Build.0 = Debug|x64
		{5AD9B8C9-9C3E-46D8-96A9-735A755F5E4C}.Debug|x86.ActiveCfg = Debug|x64
		{5AD9B8C9-9C3E-46D8-96A9-735A755F5E4C}.LLVM|x64.ActiveCfg = Debug|x64
		{5AD9B8C9-9C3E-46D8-96A9-735A755F5E4C}.LLVM|x64.Build.0 = Debug|x64
		{5AD9B8C9-9C3E-46D8-96A9-735A755F5E4C}.LLVM|x86.ActiveCfg = Release|x64
		{5AD9B8C9-9C3E-46D8-96A9-735A755F5E4C}.LLVM|x86.Build.0 = Release|x64
		{5AD9B8C9-9C3E-46D8-96A9-735A755F5E4C}.Release|x64.ActiveCfg = Release|x64
		{5AD9B8C9-9C3E-46D8-96A9-735A755F5E4C}.Release|x64.Build.0 = Release|x64
		{5AD9B8C9-9C3E-46D8-96A9-735A755F5E4C}.Release|x86.ActiveCfg = Release|x64
		{5AD9B8C9-9C3E-46D8-96A9-735A755F5E4C}.Sanitizer|x64.ActiveCfg = Debug|x64
		{5AD9B8C9-9C3E-46D8-96A9-735A755F5E4C}.Sanitizer|x64.Build.0 = Debug|x64
		{5AD9B8C9-9C3E-46D8-96A9-735A755F5E4C}.Sanitizer|x86.ActiveCfg = Release|x64
		{5AD9B8C9-9C3E-46D8-96A9-735A755F5E4C}.Sanitizer|x86.Build.0 = Release|x64
		{0EFA9A44-2D19-4C73-9DEE-B9B97B472BDE}.Debug|x64.ActiveCfg = Debug|x64
		{0EFA9A44-2D19-4C73-9DEE-B9B97B472BDE}.Debug|x64.Build.0 = Debug|x64
		{0EFA9A44-2D19-4C73-9DEE-B9B97B472BDE}.Debug|x86.ActiveCfg = Debug|x64
		{0EFA9A44-2D19-4C73-9DEE-B9B97B472BDE}.LLVM|x64.ActiveCfg = Debug|x64
		{0EFA9A44-2D19-4C73-9DEE-B9B97B472BDE}.LLVM|x64.Build.0 = Debug|x64
		{0EFA9A44-2D19-4C73-9DEE-B9B97B472BDE}.LLVM|x86.ActiveCfg = Release|x64
		{0EFA9A44-2D19-4C73-9DEE-B9B97B472BDE}.LLVM|x86.Build.0 = Release|x64
		{0EFA9A44-2D19-4C73-9DEE-B9B97B472BDE}.Release|x64.ActiveCfg = Release|x64
		{0EFA9A44-2D19-4C73-9DEE-B9B97B472BDE}.Release|x64.Build.0 = Release|x64
		{0EFA9A44-2D19-4C73-9DEE-B9B97B472BDE}.Release|x86.ActiveCfg = Release|x64
		{0EFA9A44-2D19-4C73-9DEE-B9B97B472BDE}.Sanitizer|x64.ActiveCfg = Debug|x64
		{0EFA9A44-2D19-4C73-9DEE-B9B97B472BDE}.Sanitizer|x64.Build.0 = Debug|x64
		{0EFA9A44-2D19-4C73-9DEE-B9B97B472BDE}.Sanitizer|x86.ActiveCfg = Release|x64
		{0EFA9A44-2D19-4C73-9DEE-B9B97B472BDE}.Sanitizer|x86.Build.0 = Release|x64
		{EEFFA5EB-D268-4BD9-80E6-7C6EC703CC7E}.Debug|x64.ActiveCfg = Debug|x64
		{EEFFA5EB-D268-4BD9-80E6-7C6EC703CC7E}.Debug|x64.Build.0 = Debug|x64
		{EEFFA5EB-D268-4BD9-80E6-7C6EC703CC7E}.Debug|x86.ActiveCfg = Debug|x64
		{EEFFA5EB-D268-4BD9-80E6-7C6EC703CC7E}.LLVM|x64.ActiveCfg = Debug|x64
		{EEFFA5EB-D268-4BD9-80E6-7C6EC703CC7E}.LLVM|x64.Build.0 = Debug|x64
		{EEFFA5EB-D268-4BD9-80E6-7C6EC703CC7E}.LLVM|x86.ActiveCfg = Release|x64
		{EEFFA5EB-D268-4BD9-80E6-7C6EC703CC7E}.LLVM|x86.Build.0 = Release|x64
		{EEFFA5EB-D268-4BD9-80E6-7C6EC703CC7E}.Release|x64.ActiveCfg = Release|x64
		{EEFFA5EB-D268-4BD9-80E6-7C6EC703CC7E}.Release|x64.Build.0 = Release|x64
		{EEFFA5EB-D268-4BD9-80E6-7C6EC703CC7E}.Release|x86.ActiveCfg = Release|x64
		{EEFFA5EB-D268-4BD9-80E6-7C6EC703CC7E}.Sanitizer|x64.ActiveCfg = Debug|x64
		{EEFFA5EB-D268-4BD9-80E6-7C6EC703CC7E}.Sanitizer|x64.Build.0 = Debug|x64
		{EEFFA5EB-D268-4BD9-80E6-7C6EC703CC7E}.Sanitizer|x86.ActiveCfg = Release|x64
		{EEFFA5EB-D268-4BD9-80E6-7C6EC703CC7E}.Sanitizer|x86.Build.0 = Release|x64
		{A2951E14-ED56-40D0-83A1-55CD3BB39548}.Debug|x64.ActiveCfg = Debug|x64
		{A2951E14-ED56-40D0-83A1-55CD3BB39548}.Debug|x64.Build.0 = Debug|x64
		{A2951E14-ED56-40D0-83A1-55CD3BB39548}.Debug|x86.ActiveCfg = Debug|x64
		{A2951E14-ED56-40D0-83A1-55CD3BB39548}.LLVM|x64.ActiveCfg = Debug|x64
		{A2951E14-ED56-40D0-83A1-55CD3BB39548}.LLVM|x64.Build.0 = Debug|x64
		{A2951E14-ED56-40D0-83A1-55CD3BB39548}.LLVM|x86.ActiveCfg = Release|x64
		{A2951E14-ED56-40D0-83A1-55CD3BB39548}.LLVM|x86.Build.0 = Release|x64
		{A2951E14-ED56-40D0-83A1-55CD3BB39548}.Release|x64.ActiveCfg = Release|x64
		{A2951E14-ED56-40D0-83A1-55CD3BB39548}.Release|x64.Build.0 = Release|x64
		{A2951E14-ED56-40D0-83A1-55CD3BB39548}.Release|x86.ActiveCfg = Release|x64
		{A2951E14-ED56-40D0-83A1-55CD3BB39548}.Sanitizer|x64.ActiveCfg = Debug|x64
		{A2951E14-ED56-40D0-83A1-55CD3BB39548}.Sanitizer|x64.Build.0 = Debug|x64
		{A2951E14-ED56-40D0-83A1-55CD3BB39548}.Sanitizer|x86.ActiveCfg = Release|x64
		{A2951E14-ED56-40D0-83A1-55CD3BB39548}.Sanitizer|x86.Build.0 = Release|x64
		{6A01976E-2B32-48E5-B03F-87C1CA5B688D}.Debug|x64.ActiveCfg = Debug|x64
		{6A01976E-2B32-48E5-B03F-87C1CA5B688D}.Debug|x64.Build.0 = Debug|x64
		{6A01976E-2B32-48E5-B03F-87C1CA5B688D}.Debug|x86.ActiveCfg = Debug|x64
		{6A01976E-2B32-48E5-B03F-87C1CA5B688D}.LLVM|x64.ActiveCfg = Debug|x64
		{6A01976E-2B32-48E5-B03F-87C1CA5B688D}.LLVM|x64.Build.0 = Debug|x64
		{6A01976E-2B32-48E5-B03F-87C1CA5B688D}.LLVM|x86.ActiveCfg = Release|x64
		{6A01976E-2B32-48E5-B03F-87C1CA5B688D}.LLVM|x86.Build.0 = Release|x64
		{6A01976E-2B32-48E5-B03F-87C1CA5B688D}.Release|x64.ActiveCfg = Release|x64
		{6A01976E-2B32-48E5-B03F-87C1CA5B688D}.Release|x64.Build.0 = Release|x64
		{6A01976E-2B32-48E5-B03F-87C1CA5B688D}.Release|x86.ActiveCfg = Release|x64
		{6A01976E-2B32-48E5-B03F-87C1CA5B688D}.Sanitizer|x64.ActiveCfg = Debug|x64
		{6A01976E-2B32-48E5-B03F-87C1CA5B688D}.Sanitizer|x64.Build.0 = Debug|x64
		{6A01976E-2B32-48E5-B03F-87C1CA5B688D}.Sanitizer|x86.ActiveCfg = Release|x64
		{6A01976E-2B32-48E5-B03F-87C1CA5B688D}.Sanitizer|x86.Build.0 = Release|x64
		{1F721A5C-5C3F-492B-83E4-0C95B8DF920A}.Debug|x64.ActiveCfg = Debug|x64
		{1F721A5C-5C3F-492B-83E4-0C95B8DF920A}.Debug|x64.Build.0 = Debug|x64
		{1F721A5C-5C3F-492B-83E4-0C95B8DF920A}.Debug|x86.ActiveCfg = Debug|x64
		{1F721A5C-5C3F-492B-83E4-0C95B8DF920A}.LLVM|x64.ActiveCfg = Debug|x64
		{1F721A5C-5C3F-492B-83E4-0C95B8DF920A}.LLVM|x64.Build.0 = Debug|x64
		{1F721A5C-5C3F-492B-83E4-0C95B8DF920A}.LLVM|x86.ActiveCfg = Release|x64
		{1F721A5C-5C3F-492B-83E4-0C95B8DF920A}.LLVM|x86.Build.0 = Release|x64
		{1F721A5C-5C3F-492B-83E4-0C95B8DF920A}.Release|x64.ActiveCfg = Release|x64
		{1F721A5C-5C3F-492B-83E4-0C95B8DF920A}.Release|x64.Build.0 = Release|x64
		{1F721A5C-5C3F-492B-83E4-0C95B8DF920A}.Release|x86.ActiveCfg = Release|x64
		{1F721A5C-5C3F-492B-83E4-0C95B8DF920A}.Sanitizer|x64.ActiveCfg = Debug|x64
		{1F721A5C-5C3F-492B-83E4-0C95B8DF920A}.Sanitizer|x64.Build.0 = Debug|x64
		{1F721A5C-5C3F-492B-83E4-0C95B8DF920A}.Sanitizer|x86.ActiveCfg = Release|x64
		{1F721A5C-5C3F-492B-83E4-0C95B8DF920A}.Sanitizer|x86.Build.0 = Release|x64
		{756AEBEE-18C3-4C45-9C7F-BD8AD607A26A}.Debug|x64.ActiveCfg = Debug|x64
		{756AEBEE-18C3-4C45-9C7F-BD8AD607A26A}.Debug|x64.Build.0 = Debug|x64
		{756AEBEE-18C3-4C45-9C7F-BD8AD607A26A}.Debug|x86.ActiveCfg = Debug|x64
		{756AEBEE-18C3-4C45-9C7F-BD8AD607A26A}.LLVM|x64.ActiveCfg = Debug|x64
		{756AEBEE-18C3-4C45-9C7F-BD8AD607A26A}.LLVM|x64.Build.0 = Debug|x64
		{756AEBEE-18C3-4C45-9C7F-BD8AD607A26A}.LLVM|x86.ActiveCfg = Release|x64
		{756AEBEE-18C3-4C45-9C7F-BD8AD607A26A}.LLVM|x86.Build.0 = Release|x64
		{756AEBEE-18C3-4C45-9C7F-BD8AD607A26A}.Release|x64.ActiveCfg = Release|x64
		{756AEBEE-18C3-4C45-9C7F-BD8AD607A26A}.Release|x64.Build.0 = Release|x64
		{756AEBEE-18C3-4C45-9C7F-BD8AD607A26A}.Release|x86.ActiveCfg = Release|x64
		{756AEBEE-18C3-4C45-9C7F-BD8AD607A26A}.Sanitizer|x64.ActiveCfg = Debug|x64
		{756AEBEE-18C3-4C45-9C7F-BD8AD607A26A}.Sanitizer|x64.Build.0 = Debug|x64
		{756AEBEE-18C3-4C45-9C7F-BD8AD607A26A}.Sanitizer|x86.ActiveCfg = Release|x64
		{756AEBEE-18C3-4C45-9C7F-BD8AD607A26A}.Sanitizer|x86.Build.0 = Release|x64
		{058CCDB0-D453-4635-88FD-F64AAE73E410}.Debug|x64.ActiveCfg = Debug|x64
		{058CCDB0-D453-4635-88FD-F64AAE73E410}.Debug|x64.Build.0 = Debug|x64
		{058CCDB0-D453-4635-88FD-F64AAE73E410}.Debug|x86.ActiveCfg = Debug|x64
		{058CCDB0-D453-4635-88FD-F64AAE73E410}.LLVM|x64.ActiveCfg = Debug|x64
		{058CCDB0-D453-4635-88FD-F64AAE73E410}.LLVM|x64.Build.0 = Debug|x64
		{058CCDB0-D453-4635-88FD-F64AAE73E410}.LLVM|x86.ActiveCfg = LLVM|x64
		{058CCDB0-D453-4635-88FD-F64AAE73E410}.Release|x64.ActiveCfg = Release|x64
		{058CCDB0-D453-4635-88FD-F64AAE73E410}.Release|x64.Build.0 = Release|x64
		{058CCDB0-D453-4635-88FD-F64AAE73E410}.Release|x86.ActiveCfg = Release|x64
		{058CCDB0-D453-4635-88FD-F64AAE73E410}.Sanitizer|x64.ActiveCfg = Debug|x64
		{058CCDB0-D453-4635-88FD-F64AAE73E410}.Sanitizer|x64.Build.0 = Debug|x64
		{058CCDB0-D453-4635-88FD-F64AAE73E410}.Sanitizer|x86.ActiveCfg = Sanitizer|x64
		{0EFC9893-AD00-4BB6-82EC-7F630E5D2E05}.Debug|x64.ActiveCfg = Debug|x64
		{0EFC9893-AD00-4BB6-82EC-7F630E5D2E05}.Debug|x64.Build.0 = Debug|x64
		{0EFC9893-AD00-4BB6-82EC-7F630E5D2E05}.Debug|x86.ActiveCfg = Debug|Win32
		{0EFC9893-AD00-4BB6-82EC-7F630E5D2E05}.Debug|x86.Build.0 = Debug|Win32
		{0EFC9893-AD00-4BB6-82EC-7F630E5D2E05}.LLVM|x64.ActiveCfg = Debug|x64
		{0EFC9893-AD00-4BB6-82EC-7F630E5D2E05}.LLVM|x64.Build.0 = Debug|x64
		{0EFC9893-AD00-4BB6-82EC-7F630E5D2E05}.LLVM|x86.ActiveCfg = Debug|Win32
		{0EFC9893-AD00-4BB6-82EC-7F630E5D2E05}.LLVM|x86.Build.0 = Debug|Win32
		{0EFC9893-AD00-4BB6-82EC-7F630E5D2E05}.Release|x64.ActiveCfg = Release|x64
		{0EFC9893-AD00-4BB6-82EC-7F630E5D2E05}.Release|x64.Build.0 = Release|x64
		{0EFC9893-AD00-4BB6-82EC-7F630E5D2E05}.Release|x86.ActiveCfg = Release|Win32
		{0EFC9893-AD00-4BB6-82EC-7F630E5D2E05}.Release|x86.Build.0 = Release|Win32
		{0EFC9893-AD00-4BB6-82EC-7F630E5D2E05}.Sanitizer|x64.ActiveCfg = Debug|x64
		{0EFC9893-AD00-4BB6-82EC-7F630E5D2E05}.Sanitizer|x64.Build.0 = Debug|x64
		{0EFC9893-AD00-4BB6-82EC-7F630E5D2E05}.Sanitizer|x86.ActiveCfg = Debug|Win32
		{0EFC9893-AD00-4BB6-82EC-7F630E5D2E05}.Sanitizer|x86.Build.0 = Debug|Win32
	EndGlobalSection
	GlobalSection(SolutionProperties) = preSolution
		HideSolutionNode = FALSE
	EndGlobalSection
	GlobalSection(NestedProjects) = preSolution
		{4EBA6A7B-02F3-466C-BECD-2E872B512218} = {09458F44-B96C-4A30-BDE4-08C4AE8F79A9}
		{5FA4C0BE-3FCF-449A-9C41-1C4BE51899CE} = {09458F44-B96C-4A30-BDE4-08C4AE8F79A9}
		{8A697370-9955-4254-8B7E-341A9DA59748} = {09458F44-B96C-4A30-BDE4-08C4AE8F79A9}
		{2F415D2A-3E50-4A72-81FB-C71BE1A94B29} = {09458F44-B96C-4A30-BDE4-08C4AE8F79A9}
		{CD1C6CDD-F6DA-4734-991B-DAD0C58BD2CC} = {09458F44-B96C-4A30-BDE4-08C4AE8F79A9}
		{A06B8827-130A-4795-8BEF-2B31C487D585} = {09458F44-B96C-4A30-BDE4-08C4AE8F79A9}
		{8ECC2070-8AEF-4EBD-B68D-0E26B6E8C92A} = {09458F44-B96C-4A30-BDE4-08C4AE8F79A9}
		{50BB9204-6C89-4083-A80B-F12B3853885B} = {8AA20654-2C07-43C6-BC8E-52F2F174A224}
		{71DA4017-36BA-43E5-ABCE-2E5B8E932593} = {8AA20654-2C07-43C6-BC8E-52F2F174A224}
		{F8C86FBD-8C8B-4876-A645-6286E474C98F} = {8AA20654-2C07-43C6-BC8E-52F2F174A224}
		{79E31384-7EC5-40B3-A357-B9B875B4A60B} = {8AA20654-2C07-43C6-BC8E-52F2F174A224}
		{D9D4EB7B-DB37-4AB4-B7AF-E102FE1179A7} = {8AA20654-2C07-43C6-BC8E-52F2F174A224}
		{58C55702-014C-4049-94E3-F053189247BC} = {8AA20654-2C07-43C6-BC8E-52F2F174A224}
		{7F0C09A5-3CA6-4283-9DB8-C1E4BE488BD5} = {8AA20654-2C07-43C6-BC8E-52F2F174A224}
		{DF2A61E9-7C4A-4D38-988D-C8E72985085B} = {8AA20654-2C07-43C6-BC8E-52F2F174A224}
		{BFEB3D2C-00EC-47D4-BCE5-EEBBFCA62795} = {8AA20654-2C07-43C6-BC8E-52F2F174A224}
		{6637B604-E069-4AC8-A7EE-0A8C9DF925BE} = {97EC14C6-12DA-48EC-9A04-7E4A711032D9}
		{1271754B-D741-4496-8CA8-6A015470E1F2} = {97EC14C6-12DA-48EC-9A04-7E4A711032D9}
		{1E42537A-0F62-4157-8D7F-0C09DEF5DD08} = {97EC14C6-12DA-48EC-9A04-7E4A711032D9}
		{2E5DE868-F3A8-4047-8CF3-AC6024DE6DAA} = {97EC14C6-12DA-48EC-9A04-7E4A711032D9}
		{749FA26E-638C-4E3F-938B-DB3CF3727B20} = {97EC14C6-12DA-48EC-9A04-7E4A711032D9}
		{EC3817A7-A41D-4C02-BED5-4269B46CCB4D} = {97EC14C6-12DA-48EC-9A04-7E4A711032D9}
		{5AD9B8C9-9C3E-46D8-96A9-735A755F5E4C} = {97EC14C6-12DA-48EC-9A04-7E4A711032D9}
		{0EFA9A44-2D19-4C73-9DEE-B9B97B472BDE} = {4D52C2C8-CEDC-4EBF-9E26-283C3946C969}
		{EEFFA5EB-D268-4BD9-80E6-7C6EC703CC7E} = {4D52C2C8-CEDC-4EBF-9E26-283C3946C969}
		{A2951E14-ED56-40D0-83A1-55CD3BB39548} = {4D52C2C8-CEDC-4EBF-9E26-283C3946C969}
		{6A01976E-2B32-48E5-B03F-87C1CA5B688D} = {4D52C2C8-CEDC-4EBF-9E26-283C3946C969}
		{1F721A5C-5C3F-492B-83E4-0C95B8DF920A} = {4D52C2C8-CEDC-4EBF-9E26-283C3946C969}
		{756AEBEE-18C3-4C45-9C7F-BD8AD607A26A} = {4D52C2C8-CEDC-4EBF-9E26-283C3946C969}
		{058CCDB0-D453-4635-88FD-F64AAE73E410} = {4D52C2C8-CEDC-4EBF-9E26-283C3946C969}
	EndGlobalSection
	GlobalSection(ExtensibilityGlobals) = postSolution
		SolutionGuid = {D776BDBE-9513-436B-B13D-EE1751DD2CFE}
	EndGlobalSection
EndGlobal
